// !$*UTF8*$!
{
	archiveVersion = 1;
	classes = {
	};
	objectVersion = 56;
	objects = {

/* Begin PBXBuildFile section */
		312F44982AB5D23900C29F1E /* AppDelegate.swift in Sources */ = {isa = PBXBuildFile; fileRef = 312F44972AB5D23900C29F1E /* AppDelegate.swift */; };
		312F449A2AB5D23900C29F1E /* SceneDelegate.swift in Sources */ = {isa = PBXBuildFile; fileRef = 312F44992AB5D23900C29F1E /* SceneDelegate.swift */; };
		312F449C2AB5D23900C29F1E /* OnBoardingViewController.swift in Sources */ = {isa = PBXBuildFile; fileRef = 312F449B2AB5D23900C29F1E /* OnBoardingViewController.swift */; };
		312F449F2AB5D23900C29F1E /* Main.storyboard in Resources */ = {isa = PBXBuildFile; fileRef = 312F449D2AB5D23900C29F1E /* Main.storyboard */; };
		312F44A12AB5D23A00C29F1E /* Assets.xcassets in Resources */ = {isa = PBXBuildFile; fileRef = 312F44A02AB5D23A00C29F1E /* Assets.xcassets */; };
		312F44A42AB5D23A00C29F1E /* LaunchScreen.storyboard in Resources */ = {isa = PBXBuildFile; fileRef = 312F44A22AB5D23A00C29F1E /* LaunchScreen.storyboard */; };
		312F44AC2AB6249B00C29F1E /* bg_video.mp4 in Resources */ = {isa = PBXBuildFile; fileRef = 312F44AB2AB6249B00C29F1E /* bg_video.mp4 */; };
		31C456522AC0333E00130025 /* BoardViewController.swift in Sources */ = {isa = PBXBuildFile; fileRef = 31C456512AC0333E00130025 /* BoardViewController.swift */; };
		31E6A0EF2AC2C87F00198F15 /* shakeDice.wav in Resources */ = {isa = PBXBuildFile; fileRef = 31E6A0EE2AC2C87F00198F15 /* shakeDice.wav */; };
		31E6A0F12AC2C93A00198F15 /* Player.swift in Sources */ = {isa = PBXBuildFile; fileRef = 31E6A0F02AC2C93A00198F15 /* Player.swift */; };
/* End PBXBuildFile section */

/* Begin PBXFileReference section */
		312F44942AB5D23900C29F1E /* Roll In.app */ = {isa = PBXFileReference; explicitFileType = wrapper.application; includeInIndex = 0; path = "Roll In.app"; sourceTree = BUILT_PRODUCTS_DIR; };
		312F44972AB5D23900C29F1E /* AppDelegate.swift */ = {isa = PBXFileReference; lastKnownFileType = sourcecode.swift; path = AppDelegate.swift; sourceTree = "<group>"; };
		312F44992AB5D23900C29F1E /* SceneDelegate.swift */ = {isa = PBXFileReference; lastKnownFileType = sourcecode.swift; path = SceneDelegate.swift; sourceTree = "<group>"; };
		312F449B2AB5D23900C29F1E /* OnBoardingViewController.swift */ = {isa = PBXFileReference; lastKnownFileType = sourcecode.swift; path = OnBoardingViewController.swift; sourceTree = "<group>"; };
		312F449E2AB5D23900C29F1E /* Base */ = {isa = PBXFileReference; lastKnownFileType = file.storyboard; name = Base; path = Base.lproj/Main.storyboard; sourceTree = "<group>"; };
		312F44A02AB5D23A00C29F1E /* Assets.xcassets */ = {isa = PBXFileReference; lastKnownFileType = folder.assetcatalog; path = Assets.xcassets; sourceTree = "<group>"; };
		312F44A32AB5D23A00C29F1E /* Base */ = {isa = PBXFileReference; lastKnownFileType = file.storyboard; name = Base; path = Base.lproj/LaunchScreen.storyboard; sourceTree = "<group>"; };
		312F44A52AB5D23A00C29F1E /* Info.plist */ = {isa = PBXFileReference; lastKnownFileType = text.plist.xml; path = Info.plist; sourceTree = "<group>"; };
		312F44AB2AB6249B00C29F1E /* bg_video.mp4 */ = {isa = PBXFileReference; lastKnownFileType = file; path = bg_video.mp4; sourceTree = "<group>"; };
		31C456512AC0333E00130025 /* BoardViewController.swift */ = {isa = PBXFileReference; lastKnownFileType = sourcecode.swift; path = BoardViewController.swift; sourceTree = "<group>"; };
		31E6A0EE2AC2C87F00198F15 /* shakeDice.wav */ = {isa = PBXFileReference; lastKnownFileType = audio.wav; path = shakeDice.wav; sourceTree = "<group>"; };
		31E6A0F02AC2C93A00198F15 /* Player.swift */ = {isa = PBXFileReference; lastKnownFileType = sourcecode.swift; path = Player.swift; sourceTree = "<group>"; };
/* End PBXFileReference section */

/* Begin PBXFrameworksBuildPhase section */
		312F44912AB5D23900C29F1E /* Frameworks */ = {
			isa = PBXFrameworksBuildPhase;
			buildActionMask = 2147483647;
			files = (
			);
			runOnlyForDeploymentPostprocessing = 0;
		};
/* End PBXFrameworksBuildPhase section */

/* Begin PBXGroup section */
		312F448B2AB5D23900C29F1E = {
			isa = PBXGroup;
			children = (
				312F44962AB5D23900C29F1E /* Roll In */,
				312F44952AB5D23900C29F1E /* Products */,
			);
			sourceTree = "<group>";
		};
		312F44952AB5D23900C29F1E /* Products */ = {
			isa = PBXGroup;
			children = (
				312F44942AB5D23900C29F1E /* Roll In.app */,
			);
			name = Products;
			sourceTree = "<group>";
		};
		312F44962AB5D23900C29F1E /* Roll In */ = {
			isa = PBXGroup;
			children = (
				312F44AE2AB7229900C29F1E /* Controller */,
				312F44AD2AB7228600C29F1E /* assets */,
				312F44972AB5D23900C29F1E /* AppDelegate.swift */,
				312F44992AB5D23900C29F1E /* SceneDelegate.swift */,
				312F449D2AB5D23900C29F1E /* Main.storyboard */,
				312F44A02AB5D23A00C29F1E /* Assets.xcassets */,
				312F44A22AB5D23A00C29F1E /* LaunchScreen.storyboard */,
				312F44A52AB5D23A00C29F1E /* Info.plist */,
				31E6A0EE2AC2C87F00198F15 /* shakeDice.wav */,
				31E6A0F02AC2C93A00198F15 /* Player.swift */,
			);
			path = "Roll In";
			sourceTree = "<group>";
		};
		312F44AD2AB7228600C29F1E /* assets */ = {
			isa = PBXGroup;
			children = (
				312F44AB2AB6249B00C29F1E /* bg_video.mp4 */,
			);
			path = assets;
			sourceTree = "<group>";
		};
		312F44AE2AB7229900C29F1E /* Controller */ = {
			isa = PBXGroup;
			children = (
				312F449B2AB5D23900C29F1E /* OnBoardingViewController.swift */,
				31C456512AC0333E00130025 /* BoardViewController.swift */,
			);
			path = Controller;
			sourceTree = "<group>";
		};
/* End PBXGroup section */

/* Begin PBXNativeTarget section */
		312F44932AB5D23900C29F1E /* Roll In */ = {
			isa = PBXNativeTarget;
			buildConfigurationList = 312F44A82AB5D23A00C29F1E /* Build configuration list for PBXNativeTarget "Roll In" */;
			buildPhases = (
				312F44902AB5D23900C29F1E /* Sources */,
				312F44912AB5D23900C29F1E /* Frameworks */,
				312F44922AB5D23900C29F1E /* Resources */,
			);
			buildRules = (
			);
			dependencies = (
			);
			name = "Roll In";
			productName = "Roll In";
			productReference = 312F44942AB5D23900C29F1E /* Roll In.app */;
			productType = "com.apple.product-type.application";
		};
/* End PBXNativeTarget section */

/* Begin PBXProject section */
		312F448C2AB5D23900C29F1E /* Project object */ = {
			isa = PBXProject;
			attributes = {
				BuildIndependentTargetsInParallel = 1;
				LastSwiftUpdateCheck = 1430;
				LastUpgradeCheck = 1500;
				TargetAttributes = {
					312F44932AB5D23900C29F1E = {
						CreatedOnToolsVersion = 14.3.1;
					};
				};
			};
			buildConfigurationList = 312F448F2AB5D23900C29F1E /* Build configuration list for PBXProject "Roll In" */;
			compatibilityVersion = "Xcode 14.0";
			developmentRegion = en;
			hasScannedForEncodings = 0;
			knownRegions = (
				en,
				Base,
			);
			mainGroup = 312F448B2AB5D23900C29F1E;
			productRefGroup = 312F44952AB5D23900C29F1E /* Products */;
			projectDirPath = "";
			projectRoot = "";
			targets = (
				312F44932AB5D23900C29F1E /* Roll In */,
			);
		};
/* End PBXProject section */

/* Begin PBXResourcesBuildPhase section */
		312F44922AB5D23900C29F1E /* Resources */ = {
			isa = PBXResourcesBuildPhase;
			buildActionMask = 2147483647;
			files = (
				312F44A42AB5D23A00C29F1E /* LaunchScreen.storyboard in Resources */,
				312F44A12AB5D23A00C29F1E /* Assets.xcassets in Resources */,
				312F44AC2AB6249B00C29F1E /* bg_video.mp4 in Resources */,
				312F449F2AB5D23900C29F1E /* Main.storyboard in Resources */,
				31E6A0EF2AC2C87F00198F15 /* shakeDice.wav in Resources */,
			);
			runOnlyForDeploymentPostprocessing = 0;
		};
/* End PBXResourcesBuildPhase section */

/* Begin PBXSourcesBuildPhase section */
		312F44902AB5D23900C29F1E /* Sources */ = {
			isa = PBXSourcesBuildPhase;
			buildActionMask = 2147483647;
			files = (
				312F449C2AB5D23900C29F1E /* OnBoardingViewController.swift in Sources */,
				312F44982AB5D23900C29F1E /* AppDelegate.swift in Sources */,
				312F449A2AB5D23900C29F1E /* SceneDelegate.swift in Sources */,
				31E6A0F12AC2C93A00198F15 /* Player.swift in Sources */,
				31C456522AC0333E00130025 /* BoardViewController.swift in Sources */,
			);
			runOnlyForDeploymentPostprocessing = 0;
		};
/* End PBXSourcesBuildPhase section */

/* Begin PBXVariantGroup section */
		312F449D2AB5D23900C29F1E /* Main.storyboard */ = {
			isa = PBXVariantGroup;
			children = (
				312F449E2AB5D23900C29F1E /* Base */,
			);
			name = Main.storyboard;
			sourceTree = "<group>";
		};
		312F44A22AB5D23A00C29F1E /* LaunchScreen.storyboard */ = {
			isa = PBXVariantGroup;
			children = (
				312F44A32AB5D23A00C29F1E /* Base */,
			);
			name = LaunchScreen.storyboard;
			sourceTree = "<group>";
		};
/* End PBXVariantGroup section */

/* Begin XCBuildConfiguration section */
		312F44A62AB5D23A00C29F1E /* Debug */ = {
			isa = XCBuildConfiguration;
			buildSettings = {
				ALWAYS_SEARCH_USER_PATHS = NO;
				ASSETCATALOG_COMPILER_GENERATE_SWIFT_ASSET_SYMBOL_EXTENSIONS = YES;
				CLANG_ANALYZER_NONNULL = YES;
				CLANG_ANALYZER_NUMBER_OBJECT_CONVERSION = YES_AGGRESSIVE;
				CLANG_CXX_LANGUAGE_STANDARD = "gnu++20";
				CLANG_ENABLE_MODULES = YES;
				CLANG_ENABLE_OBJC_ARC = YES;
				CLANG_ENABLE_OBJC_WEAK = YES;
				CLANG_WARN_BLOCK_CAPTURE_AUTORELEASING = YES;
				CLANG_WARN_BOOL_CONVERSION = YES;
				CLANG_WARN_COMMA = YES;
				CLANG_WARN_CONSTANT_CONVERSION = YES;
				CLANG_WARN_DEPRECATED_OBJC_IMPLEMENTATIONS = YES;
				CLANG_WARN_DIRECT_OBJC_ISA_USAGE = YES_ERROR;
				CLANG_WARN_DOCUMENTATION_COMMENTS = YES;
				CLANG_WARN_EMPTY_BODY = YES;
				CLANG_WARN_ENUM_CONVERSION = YES;
				CLANG_WARN_INFINITE_RECURSION = YES;
				CLANG_WARN_INT_CONVERSION = YES;
				CLANG_WARN_NON_LITERAL_NULL_CONVERSION = YES;
				CLANG_WARN_OBJC_IMPLICIT_RETAIN_SELF = YES;
				CLANG_WARN_OBJC_LITERAL_CONVERSION = YES;
				CLANG_WARN_OBJC_ROOT_CLASS = YES_ERROR;
				CLANG_WARN_QUOTED_INCLUDE_IN_FRAMEWORK_HEADER = YES;
				CLANG_WARN_RANGE_LOOP_ANALYSIS = YES;
				CLANG_WARN_STRICT_PROTOTYPES = YES;
				CLANG_WARN_SUSPICIOUS_MOVE = YES;
				CLANG_WARN_UNGUARDED_AVAILABILITY = YES_AGGRESSIVE;
				CLANG_WARN_UNREACHABLE_CODE = YES;
				CLANG_WARN__DUPLICATE_METHOD_MATCH = YES;
				COPY_PHASE_STRIP = NO;
				DEBUG_INFORMATION_FORMAT = dwarf;
				ENABLE_STRICT_OBJC_MSGSEND = YES;
				ENABLE_TESTABILITY = YES;
				ENABLE_USER_SCRIPT_SANDBOXING = YES;
				GCC_C_LANGUAGE_STANDARD = gnu11;
				GCC_DYNAMIC_NO_PIC = NO;
				GCC_NO_COMMON_BLOCKS = YES;
				GCC_OPTIMIZATION_LEVEL = 0;
				GCC_PREPROCESSOR_DEFINITIONS = (
					"DEBUG=1",
					"$(inherited)",
				);
				GCC_WARN_64_TO_32_BIT_CONVERSION = YES;
				GCC_WARN_ABOUT_RETURN_TYPE = YES_ERROR;
				GCC_WARN_UNDECLARED_SELECTOR = YES;
				GCC_WARN_UNINITIALIZED_AUTOS = YES_AGGRESSIVE;
				GCC_WARN_UNUSED_FUNCTION = YES;
				GCC_WARN_UNUSED_VARIABLE = YES;
				IPHONEOS_DEPLOYMENT_TARGET = 17.0;
				MTL_ENABLE_DEBUG_INFO = INCLUDE_SOURCE;
				MTL_FAST_MATH = YES;
				ONLY_ACTIVE_ARCH = YES;
				SDKROOT = iphoneos;
				SWIFT_ACTIVE_COMPILATION_CONDITIONS = DEBUG;
				SWIFT_OPTIMIZATION_LEVEL = "-Onone";
			};
			name = Debug;
		};
		312F44A72AB5D23A00C29F1E /* Release */ = {
			isa = XCBuildConfiguration;
			buildSettings = {
				ALWAYS_SEARCH_USER_PATHS = NO;
				ASSETCATALOG_COMPILER_GENERATE_SWIFT_ASSET_SYMBOL_EXTENSIONS = YES;
				CLANG_ANALYZER_NONNULL = YES;
				CLANG_ANALYZER_NUMBER_OBJECT_CONVERSION = YES_AGGRESSIVE;
				CLANG_CXX_LANGUAGE_STANDARD = "gnu++20";
				CLANG_ENABLE_MODULES = YES;
				CLANG_ENABLE_OBJC_ARC = YES;
				CLANG_ENABLE_OBJC_WEAK = YES;
				CLANG_WARN_BLOCK_CAPTURE_AUTORELEASING = YES;
				CLANG_WARN_BOOL_CONVERSION = YES;
				CLANG_WARN_COMMA = YES;
				CLANG_WARN_CONSTANT_CONVERSION = YES;
				CLANG_WARN_DEPRECATED_OBJC_IMPLEMENTATIONS = YES;
				CLANG_WARN_DIRECT_OBJC_ISA_USAGE = YES_ERROR;
				CLANG_WARN_DOCUMENTATION_COMMENTS = YES;
				CLANG_WARN_EMPTY_BODY = YES;
				CLANG_WARN_ENUM_CONVERSION = YES;
				CLANG_WARN_INFINITE_RECURSION = YES;
				CLANG_WARN_INT_CONVERSION = YES;
				CLANG_WARN_NON_LITERAL_NULL_CONVERSION = YES;
				CLANG_WARN_OBJC_IMPLICIT_RETAIN_SELF = YES;
				CLANG_WARN_OBJC_LITERAL_CONVERSION = YES;
				CLANG_WARN_OBJC_ROOT_CLASS = YES_ERROR;
				CLANG_WARN_QUOTED_INCLUDE_IN_FRAMEWORK_HEADER = YES;
				CLANG_WARN_RANGE_LOOP_ANALYSIS = YES;
				CLANG_WARN_STRICT_PROTOTYPES = YES;
				CLANG_WARN_SUSPICIOUS_MOVE = YES;
				CLANG_WARN_UNGUARDED_AVAILABILITY = YES_AGGRESSIVE;
				CLANG_WARN_UNREACHABLE_CODE = YES;
				CLANG_WARN__DUPLICATE_METHOD_MATCH = YES;
				COPY_PHASE_STRIP = NO;
				DEBUG_INFORMATION_FORMAT = "dwarf-with-dsym";
				ENABLE_NS_ASSERTIONS = NO;
				ENABLE_STRICT_OBJC_MSGSEND = YES;
				ENABLE_USER_SCRIPT_SANDBOXING = YES;
				GCC_C_LANGUAGE_STANDARD = gnu11;
				GCC_NO_COMMON_BLOCKS = YES;
				GCC_WARN_64_TO_32_BIT_CONVERSION = YES;
				GCC_WARN_ABOUT_RETURN_TYPE = YES_ERROR;
				GCC_WARN_UNDECLARED_SELECTOR = YES;
				GCC_WARN_UNINITIALIZED_AUTOS = YES_AGGRESSIVE;
				GCC_WARN_UNUSED_FUNCTION = YES;
				GCC_WARN_UNUSED_VARIABLE = YES;
				IPHONEOS_DEPLOYMENT_TARGET = 17.0;
				MTL_ENABLE_DEBUG_INFO = NO;
				MTL_FAST_MATH = YES;
				SDKROOT = iphoneos;
				SWIFT_COMPILATION_MODE = wholemodule;
				SWIFT_OPTIMIZATION_LEVEL = "-O";
				VALIDATE_PRODUCT = YES;
			};
			name = Release;
		};
		312F44A92AB5D23A00C29F1E /* Debug */ = {
			isa = XCBuildConfiguration;
			buildSettings = {
				ASSETCATALOG_COMPILER_APPICON_NAME = AppIcon;
				ASSETCATALOG_COMPILER_GLOBAL_ACCENT_COLOR_NAME = AccentColor;
				CODE_SIGN_STYLE = Automatic;
				CURRENT_PROJECT_VERSION = 1;
				DEVELOPMENT_TEAM = 333C6ALC74;
				GENERATE_INFOPLIST_FILE = YES;
				INFOPLIST_FILE = "Roll In/Info.plist";
				INFOPLIST_KEY_UIApplicationSupportsIndirectInputEvents = YES;
				INFOPLIST_KEY_UILaunchStoryboardName = LaunchScreen;
				INFOPLIST_KEY_UIMainStoryboardFile = Main;
				INFOPLIST_KEY_UISupportedInterfaceOrientations_iPad = "UIInterfaceOrientationPortrait UIInterfaceOrientationPortraitUpsideDown UIInterfaceOrientationLandscapeLeft UIInterfaceOrientationLandscapeRight";
				INFOPLIST_KEY_UISupportedInterfaceOrientations_iPhone = "UIInterfaceOrientationPortrait UIInterfaceOrientationLandscapeLeft UIInterfaceOrientationLandscapeRight";
				IPHONEOS_DEPLOYMENT_TARGET = 17.0;
				LD_RUNPATH_SEARCH_PATHS = (
					"$(inherited)",
					"@executable_path/Frameworks",
				);
				MARKETING_VERSION = 1.0;
				PRODUCT_BUNDLE_IDENTIFIER = "com.ugurpolat.Roll-In";
				PRODUCT_NAME = "$(TARGET_NAME)";
				SWIFT_EMIT_LOC_STRINGS = YES;
				SWIFT_VERSION = 5.0;
				TARGETED_DEVICE_FAMILY = "1,2";
			};
			name = Debug;
		};
		312F44AA2AB5D23A00C29F1E /* Release */ = {
			isa = XCBuildConfiguration;
			buildSettings = {
				ASSETCATALOG_COMPILER_APPICON_NAME = AppIcon;
				ASSETCATALOG_COMPILER_GLOBAL_ACCENT_COLOR_NAME = AccentColor;
				CODE_SIGN_STYLE = Automatic;
				CURRENT_PROJECT_VERSION = 1;
				DEVELOPMENT_TEAM = 333C6ALC74;
				GENERATE_INFOPLIST_FILE = YES;
				INFOPLIST_FILE = "Roll In/Info.plist";
				INFOPLIST_KEY_UIApplicationSupportsIndirectInputEvents = YES;
				INFOPLIST_KEY_UILaunchStoryboardName = LaunchScreen;
				INFOPLIST_KEY_UIMainStoryboardFile = Main;
				INFOPLIST_KEY_UISupportedInterfaceOrientations_iPad = "UIInterfaceOrientationPortrait UIInterfaceOrientationPortraitUpsideDown UIInterfaceOrientationLandscapeLeft UIInterfaceOrientationLandscapeRight";
				INFOPLIST_KEY_UISupportedInterfaceOrientations_iPhone = "UIInterfaceOrientationPortrait UIInterfaceOrientationLandscapeLeft UIInterfaceOrientationLandscapeRight";
				IPHONEOS_DEPLOYMENT_TARGET = 17.0;
				LD_RUNPATH_SEARCH_PATHS = (
					"$(inherited)",
					"@executable_path/Frameworks",
				);
				MARKETING_VERSION = 1.0;
				PRODUCT_BUNDLE_IDENTIFIER = "com.ugurpolat.Roll-In";
				PRODUCT_NAME = "$(TARGET_NAME)";
				SWIFT_EMIT_LOC_STRINGS = YES;
				SWIFT_VERSION = 5.0;
				TARGETED_DEVICE_FAMILY = "1,2";
			};
			name = Release;
		};
/* End XCBuildConfiguration section */

/* Begin XCConfigurationList section */
		312F448F2AB5D23900C29F1E /* Build configuration list for PBXProject "Roll In" */ = {
			isa = XCConfigurationList;
			buildConfigurations = (
				312F44A62AB5D23A00C29F1E /* Debug */,
				312F44A72AB5D23A00C29F1E /* Release */,
			);
			defaultConfigurationIsVisible = 0;
			defaultConfigurationName = Release;
		};
		312F44A82AB5D23A00C29F1E /* Build configuration list for PBXNativeTarget "Roll In" */ = {
			isa = XCConfigurationList;
			buildConfigurations = (
				312F44A92AB5D23A00C29F1E /* Debug */,
				312F44AA2AB5D23A00C29F1E /* Release */,
			);
			defaultConfigurationIsVisible = 0;
			defaultConfigurationName = Release;
		};
/* End XCConfigurationList section */
	};
	rootObject = 312F448C2AB5D23900C29F1E /* Project object */;
}
